
Microsoft Visual Studio Solution File, Format Version 12.00
# Visual Studio 2013
VisualStudioVersion = 12.0.21005.1
MinimumVisualStudioVersion = 10.0.40219.1
Project("{FAE04EC0-301F-11D3-BF4B-00C04F79EFBC}") = "TelerikWpfApp2", "TelerikWpfApp2\TelerikWpfApp2.csproj", "{41546EE3-CEF3-497A-9503-AE1636A1831B}"
EndProject
Global
	GlobalSection(SolutionConfigurationPlatforms) = preSolution
		Debug|x86 = Debug|x86
		Release|x86 = Release|x86
	EndGlobalSection
	GlobalSection(ProjectConfigurationPlatforms) = postSolution
		{41546EE3-CEF3-497A-9503-AE1636A1831B}.Debug|x86.ActiveCfg = Debug|x86
		{41546EE3-CEF3-497A-9503-AE1636A1831B}.Debug|x86.Build.0 = Debug|x86
		{41546EE3-CEF3-497A-9503-AE1636A1831B}.Release|x86.ActiveCfg = Release|x86
		{41546EE3-CEF3-497A-9503-AE1636A1831B}.Release|x86.Build.0 = Release|x86
	EndGlobalSection
	GlobalSection(SolutionProperties) = preSolution
		HideSolutionNode = FALSE
	EndGlobalSection
EndGlobal
